// !$*UTF8*$!
{
	archiveVersion = 1;
	classes = {
	};
	objectVersion = 56;
	objects = {

/* Begin PBXBuildFile section */
		04E9DA732BD9D8FE00CDEBDB /* LazyGridApp.swift in Sources */ = {isa = PBXBuildFile; fileRef = 04E9DA722BD9D8FE00CDEBDB /* LazyGridApp.swift */; };
		04E9DA752BD9D8FE00CDEBDB /* ContentView.swift in Sources */ = {isa = PBXBuildFile; fileRef = 04E9DA742BD9D8FE00CDEBDB /* ContentView.swift */; };
		04E9DA772BD9D90000CDEBDB /* Assets.xcassets in Resources */ = {isa = PBXBuildFile; fileRef = 04E9DA762BD9D90000CDEBDB /* Assets.xcassets */; };
		04E9DA7A2BD9D90000CDEBDB /* Preview Assets.xcassets in Resources */ = {isa = PBXBuildFile; fileRef = 04E9DA792BD9D90000CDEBDB /* Preview Assets.xcassets */; };
		04E9DA842BD9D90000CDEBDB /* LazyGridTests.swift in Sources */ = {isa = PBXBuildFile; fileRef = 04E9DA832BD9D90000CDEBDB /* LazyGridTests.swift */; };
		04E9DA8E2BD9D90000CDEBDB /* LazyGridUITests.swift in Sources */ = {isa = PBXBuildFile; fileRef = 04E9DA8D2BD9D90000CDEBDB /* LazyGridUITests.swift */; };
		04E9DA902BD9D90000CDEBDB /* LazyGridUITestsLaunchTests.swift in Sources */ = {isa = PBXBuildFile; fileRef = 04E9DA8F2BD9D90000CDEBDB /* LazyGridUITestsLaunchTests.swift */; };
/* End PBXBuildFile section */

/* Begin PBXContainerItemProxy section */
		04E9DA802BD9D90000CDEBDB /* PBXContainerItemProxy */ = {
			isa = PBXContainerItemProxy;
			containerPortal = 04E9DA672BD9D8FE00CDEBDB /* Project object */;
			proxyType = 1;
			remoteGlobalIDString = 04E9DA6E2BD9D8FE00CDEBDB;
			remoteInfo = LazyGrid;
		};
		04E9DA8A2BD9D90000CDEBDB /* PBXContainerItemProxy */ = {
			isa = PBXContainerItemProxy;
			containerPortal = 04E9DA672BD9D8FE00CDEBDB /* Project object */;
			proxyType = 1;
			remoteGlobalIDString = 04E9DA6E2BD9D8FE00CDEBDB;
			remoteInfo = LazyGrid;
		};
/* End PBXContainerItemProxy section */

/* Begin PBXFileReference section */
		04E9DA6F2BD9D8FE00CDEBDB /* LazyGrid.app */ = {isa = PBXFileReference; explicitFileType = wrapper.application; includeInIndex = 0; path = LazyGrid.app; sourceTree = BUILT_PRODUCTS_DIR; };
		04E9DA722BD9D8FE00CDEBDB /* LazyGridApp.swift */ = {isa = PBXFileReference; lastKnownFileType = sourcecode.swift; path = LazyGridApp.swift; sourceTree = "<group>"; };
		04E9DA742BD9D8FE00CDEBDB /* ContentView.swift */ = {isa = PBXFileReference; lastKnownFileType = sourcecode.swift; path = ContentView.swift; sourceTree = "<group>"; };
		04E9DA762BD9D90000CDEBDB /* Assets.xcassets */ = {isa = PBXFileReference; lastKnownFileType = folder.assetcatalog; path = Assets.xcassets; sourceTree = "<group>"; };
		04E9DA792BD9D90000CDEBDB /* Preview Assets.xcassets */ = {isa = PBXFileReference; lastKnownFileType = folder.assetcatalog; path = "Preview Assets.xcassets"; sourceTree = "<group>"; };
		04E9DA7F2BD9D90000CDEBDB /* LazyGridTests.xctest */ = {isa = PBXFileReference; explicitFileType = wrapper.cfbundle; includeInIndex = 0; path = LazyGridTests.xctest; sourceTree = BUILT_PRODUCTS_DIR; };
		04E9DA832BD9D90000CDEBDB /* LazyGridTests.swift */ = {isa = PBXFileReference; lastKnownFileType = sourcecode.swift; path = LazyGridTests.swift; sourceTree = "<group>"; };
		04E9DA892BD9D90000CDEBDB /* LazyGridUITests.xctest */ = {isa = PBXFileReference; explicitFileType = wrapper.cfbundle; includeInIndex = 0; path = LazyGridUITests.xctest; sourceTree = BUILT_PRODUCTS_DIR; };
		04E9DA8D2BD9D90000CDEBDB /* LazyGridUITests.swift */ = {isa = PBXFileReference; lastKnownFileType = sourcecode.swift; path = LazyGridUITests.swift; sourceTree = "<group>"; };
		04E9DA8F2BD9D90000CDEBDB /* LazyGridUITestsLaunchTests.swift */ = {isa = PBXFileReference; lastKnownFileType = sourcecode.swift; path = LazyGridUITestsLaunchTests.swift; sourceTree = "<group>"; };
/* End PBXFileReference section */

/* Begin PBXFrameworksBuildPhase section */
		04E9DA6C2BD9D8FE00CDEBDB /* Frameworks */ = {
			isa = PBXFrameworksBuildPhase;
			buildActionMask = 2147483647;
			files = (
			);
			runOnlyForDeploymentPostprocessing = 0;
		};
		04E9DA7C2BD9D90000CDEBDB /* Frameworks */ = {
			isa = PBXFrameworksBuildPhase;
			buildActionMask = 2147483647;
			files = (
			);
			runOnlyForDeploymentPostprocessing = 0;
		};
		04E9DA862BD9D90000CDEBDB /* Frameworks */ = {
			isa = PBXFrameworksBuildPhase;
			buildActionMask = 2147483647;
			files = (
			);
			runOnlyForDeploymentPostprocessing = 0;
		};
/* End PBXFrameworksBuildPhase section */

/* Begin PBXGroup section */
		04E9DA662BD9D8FE00CDEBDB = {
			isa = PBXGroup;
			children = (
				04E9DA712BD9D8FE00CDEBDB /* LazyGrid */,
				04E9DA822BD9D90000CDEBDB /* LazyGridTests */,
				04E9DA8C2BD9D90000CDEBDB /* LazyGridUITests */,
				04E9DA702BD9D8FE00CDEBDB /* Products */,
			);
			sourceTree = "<group>";
		};
		04E9DA702BD9D8FE00CDEBDB /* Products */ = {
			isa = PBXGroup;
			children = (
				04E9DA6F2BD9D8FE00CDEBDB /* LazyGrid.app */,
				04E9DA7F2BD9D90000CDEBDB /* LazyGridTests.xctest */,
				04E9DA892BD9D90000CDEBDB /* LazyGridUITests.xctest */,
			);
			name = Products;
			sourceTree = "<group>";
		};
		04E9DA712BD9D8FE00CDEBDB /* LazyGrid */ = {
			isa = PBXGroup;
			children = (
				04E9DA722BD9D8FE00CDEBDB /* LazyGridApp.swift */,
				04E9DA742BD9D8FE00CDEBDB /* ContentView.swift */,
				04E9DA762BD9D90000CDEBDB /* Assets.xcassets */,
				04E9DA782BD9D90000CDEBDB /* Preview Content */,
			);
			path = LazyGrid;
			sourceTree = "<group>";
		};
		04E9DA782BD9D90000CDEBDB /* Preview Content */ = {
			isa = PBXGroup;
			children = (
				04E9DA792BD9D90000CDEBDB /* Preview Assets.xcassets */,
			);
			path = "Preview Content";
			sourceTree = "<group>";
		};
		04E9DA822BD9D90000CDEBDB /* LazyGridTests */ = {
			isa = PBXGroup;
			children = (
				04E9DA832BD9D90000CDEBDB /* LazyGridTests.swift */,
			);
			path = LazyGridTests;
			sourceTree = "<group>";
		};
		04E9DA8C2BD9D90000CDEBDB /* LazyGridUITests */ = {
			isa = PBXGroup;
			children = (
				04E9DA8D2BD9D90000CDEBDB /* LazyGridUITests.swift */,
				04E9DA8F2BD9D90000CDEBDB /* LazyGridUITestsLaunchTests.swift */,
			);
			path = LazyGridUITests;
			sourceTree = "<group>";
		};
/* End PBXGroup section */

/* Begin PBXNativeTarget section */
		04E9DA6E2BD9D8FE00CDEBDB /* LazyGrid */ = {
			isa = PBXNativeTarget;
			buildConfigurationList = 04E9DA932BD9D90000CDEBDB /* Build configuration list for PBXNativeTarget "LazyGrid" */;
			buildPhases = (
				04E9DA6B2BD9D8FE00CDEBDB /* Sources */,
				04E9DA6C2BD9D8FE00CDEBDB /* Frameworks */,
				04E9DA6D2BD9D8FE00CDEBDB /* Resources */,
			);
			buildRules = (
			);
			dependencies = (
			);
			name = LazyGrid;
			productName = LazyGrid;
			productReference = 04E9DA6F2BD9D8FE00CDEBDB /* LazyGrid.app */;
			productType = "com.apple.product-type.application";
		};
		04E9DA7E2BD9D90000CDEBDB /* LazyGridTests */ = {
			isa = PBXNativeTarget;
			buildConfigurationList = 04E9DA962BD9D90000CDEBDB /* Build configuration list for PBXNativeTarget "LazyGridTests" */;
			buildPhases = (
				04E9DA7B2BD9D90000CDEBDB /* Sources */,
				04E9DA7C2BD9D90000CDEBDB /* Frameworks */,
				04E9DA7D2BD9D90000CDEBDB /* Resources */,
			);
			buildRules = (
			);
			dependencies = (
				04E9DA812BD9D90000CDEBDB /* PBXTargetDependency */,
			);
			name = LazyGridTests;
			productName = LazyGridTests;
			productReference = 04E9DA7F2BD9D90000CDEBDB /* LazyGridTests.xctest */;
			productType = "com.apple.product-type.bundle.unit-test";
		};
		04E9DA882BD9D90000CDEBDB /* LazyGridUITests */ = {
			isa = PBXNativeTarget;
			buildConfigurationList = 04E9DA992BD9D90000CDEBDB /* Build configuration list for PBXNativeTarget "LazyGridUITests" */;
			buildPhases = (
				04E9DA852BD9D90000CDEBDB /* Sources */,
				04E9DA862BD9D90000CDEBDB /* Frameworks */,
				04E9DA872BD9D90000CDEBDB /* Resources */,
			);
			buildRules = (
			);
			dependencies = (
				04E9DA8B2BD9D90000CDEBDB /* PBXTargetDependency */,
			);
			name = LazyGridUITests;
			productName = LazyGridUITests;
			productReference = 04E9DA892BD9D90000CDEBDB /* LazyGridUITests.xctest */;
			productType = "com.apple.product-type.bundle.ui-testing";
		};
/* End PBXNativeTarget section */

/* Begin PBXProject section */
		04E9DA672BD9D8FE00CDEBDB /* Project object */ = {
			isa = PBXProject;
			attributes = {
				BuildIndependentTargetsInParallel = 1;
				LastSwiftUpdateCheck = 1530;
				LastUpgradeCheck = 1530;
				TargetAttributes = {
					04E9DA6E2BD9D8FE00CDEBDB = {
						CreatedOnToolsVersion = 15.3;
					};
					04E9DA7E2BD9D90000CDEBDB = {
						CreatedOnToolsVersion = 15.3;
						TestTargetID = 04E9DA6E2BD9D8FE00CDEBDB;
					};
					04E9DA882BD9D90000CDEBDB = {
						CreatedOnToolsVersion = 15.3;
						TestTargetID = 04E9DA6E2BD9D8FE00CDEBDB;
					};
				};
			};
			buildConfigurationList = 04E9DA6A2BD9D8FE00CDEBDB /* Build configuration list for PBXProject "LazyGrid" */;
			compatibilityVersion = "Xcode 14.0";
			developmentRegion = en;
			hasScannedForEncodings = 0;
			knownRegions = (
				en,
				Base,
			);
			mainGroup = 04E9DA662BD9D8FE00CDEBDB;
			productRefGroup = 04E9DA702BD9D8FE00CDEBDB /* Products */;
			projectDirPath = "";
			projectRoot = "";
			targets = (
				04E9DA6E2BD9D8FE00CDEBDB /* LazyGrid */,
				04E9DA7E2BD9D90000CDEBDB /* LazyGridTests */,
				04E9DA882BD9D90000CDEBDB /* LazyGridUITests */,
			);
		};
/* End PBXProject section */

/* Begin PBXResourcesBuildPhase section */
		04E9DA6D2BD9D8FE00CDEBDB /* Resources */ = {
			isa = PBXResourcesBuildPhase;
			buildActionMask = 2147483647;
			files = (
				04E9DA7A2BD9D90000CDEBDB /* Preview Assets.xcassets in Resources */,
				04E9DA772BD9D90000CDEBDB /* Assets.xcassets in Resources */,
			);
			runOnlyForDeploymentPostprocessing = 0;
		};
		04E9DA7D2BD9D90000CDEBDB /* Resources */ = {
			isa = PBXResourcesBuildPhase;
			buildActionMask = 2147483647;
			files = (
			);
			runOnlyForDeploymentPostprocessing = 0;
		};
		04E9DA872BD9D90000CDEBDB /* Resources */ = {
			isa = PBXResourcesBuildPhase;
			buildActionMask = 2147483647;
			files = (
			);
			runOnlyForDeploymentPostprocessing = 0;
		};
/* End PBXResourcesBuildPhase section */

/* Begin PBXSourcesBuildPhase section */
		04E9DA6B2BD9D8FE00CDEBDB /* Sources */ = {
			isa = PBXSourcesBuildPhase;
			buildActionMask = 2147483647;
			files = (
				04E9DA752BD9D8FE00CDEBDB /* ContentView.swift in Sources */,
				04E9DA732BD9D8FE00CDEBDB /* LazyGridApp.swift in Sources */,
			);
			runOnlyForDeploymentPostprocessing = 0;
		};
		04E9DA7B2BD9D90000CDEBDB /* Sources */ = {
			isa = PBXSourcesBuildPhase;
			buildActionMask = 2147483647;
			files = (
				04E9DA842BD9D90000CDEBDB /* LazyGridTests.swift in Sources */,
			);
			runOnlyForDeploymentPostprocessing = 0;
		};
		04E9DA852BD9D90000CDEBDB /* Sources */ = {
			isa = PBXSourcesBuildPhase;
			buildActionMask = 2147483647;
			files = (
				04E9DA902BD9D90000CDEBDB /* LazyGridUITestsLaunchTests.swift in Sources */,
				04E9DA8E2BD9D90000CDEBDB /* LazyGridUITests.swift in Sources */,
			);
			runOnlyForDeploymentPostprocessing = 0;
		};
/* End PBXSourcesBuildPhase section */

/* Begin PBXTargetDependency section */
		04E9DA812BD9D90000CDEBDB /* PBXTargetDependency */ = {
			isa = PBXTargetDependency;
			target = 04E9DA6E2BD9D8FE00CDEBDB /* LazyGrid */;
			targetProxy = 04E9DA802BD9D90000CDEBDB /* PBXContainerItemProxy */;
		};
		04E9DA8B2BD9D90000CDEBDB /* PBXTargetDependency */ = {
			isa = PBXTargetDependency;
			target = 04E9DA6E2BD9D8FE00CDEBDB /* LazyGrid */;
			targetProxy = 04E9DA8A2BD9D90000CDEBDB /* PBXContainerItemProxy */;
		};
/* End PBXTargetDependency section */

/* Begin XCBuildConfiguration section */
		04E9DA912BD9D90000CDEBDB /* Debug */ = {
			isa = XCBuildConfiguration;
			buildSettings = {
				ALWAYS_SEARCH_USER_PATHS = NO;
				ASSETCATALOG_COMPILER_GENERATE_SWIFT_ASSET_SYMBOL_EXTENSIONS = YES;
				CLANG_ANALYZER_NONNULL = YES;
				CLANG_ANALYZER_NUMBER_OBJECT_CONVERSION = YES_AGGRESSIVE;
				CLANG_CXX_LANGUAGE_STANDARD = "gnu++20";
				CLANG_ENABLE_MODULES = YES;
				CLANG_ENABLE_OBJC_ARC = YES;
				CLANG_ENABLE_OBJC_WEAK = YES;
				CLANG_WARN_BLOCK_CAPTURE_AUTORELEASING = YES;
				CLANG_WARN_BOOL_CONVERSION = YES;
				CLANG_WARN_COMMA = YES;
				CLANG_WARN_CONSTANT_CONVERSION = YES;
				CLANG_WARN_DEPRECATED_OBJC_IMPLEMENTATIONS = YES;
				CLANG_WARN_DIRECT_OBJC_ISA_USAGE = YES_ERROR;
				CLANG_WARN_DOCUMENTATION_COMMENTS = YES;
				CLANG_WARN_EMPTY_BODY = YES;
				CLANG_WARN_ENUM_CONVERSION = YES;
				CLANG_WARN_INFINITE_RECURSION = YES;
				CLANG_WARN_INT_CONVERSION = YES;
				CLANG_WARN_NON_LITERAL_NULL_CONVERSION = YES;
				CLANG_WARN_OBJC_IMPLICIT_RETAIN_SELF = YES;
				CLANG_WARN_OBJC_LITERAL_CONVERSION = YES;
				CLANG_WARN_OBJC_ROOT_CLASS = YES_ERROR;
				CLANG_WARN_QUOTED_INCLUDE_IN_FRAMEWORK_HEADER = YES;
				CLANG_WARN_RANGE_LOOP_ANALYSIS = YES;
				CLANG_WARN_STRICT_PROTOTYPES = YES;
				CLANG_WARN_SUSPICIOUS_MOVE = YES;
				CLANG_WARN_UNGUARDED_AVAILABILITY = YES_AGGRESSIVE;
				CLANG_WARN_UNREACHABLE_CODE = YES;
				CLANG_WARN__DUPLICATE_METHOD_MATCH = YES;
				COPY_PHASE_STRIP = NO;
				DEBUG_INFORMATION_FORMAT = dwarf;
				ENABLE_STRICT_OBJC_MSGSEND = YES;
				ENABLE_TESTABILITY = YES;
				ENABLE_USER_SCRIPT_SANDBOXING = YES;
				GCC_C_LANGUAGE_STANDARD = gnu17;
				GCC_DYNAMIC_NO_PIC = NO;
				GCC_NO_COMMON_BLOCKS = YES;
				GCC_OPTIMIZATION_LEVEL = 0;
				GCC_PREPROCESSOR_DEFINITIONS = (
					"DEBUG=1",
					"$(inherited)",
				);
				GCC_WARN_64_TO_32_BIT_CONVERSION = YES;
				GCC_WARN_ABOUT_RETURN_TYPE = YES_ERROR;
				GCC_WARN_UNDECLARED_SELECTOR = YES;
				GCC_WARN_UNINITIALIZED_AUTOS = YES_AGGRESSIVE;
				GCC_WARN_UNUSED_FUNCTION = YES;
				GCC_WARN_UNUSED_VARIABLE = YES;
				IPHONEOS_DEPLOYMENT_TARGET = 17.4;
				LOCALIZATION_PREFERS_STRING_CATALOGS = YES;
				MTL_ENABLE_DEBUG_INFO = INCLUDE_SOURCE;
				MTL_FAST_MATH = YES;
				ONLY_ACTIVE_ARCH = YES;
				SDKROOT = iphoneos;
				SWIFT_ACTIVE_COMPILATION_CONDITIONS = "DEBUG $(inherited)";
				SWIFT_OPTIMIZATION_LEVEL = "-Onone";
			};
			name = Debug;
		};
		04E9DA922BD9D90000CDEBDB /* Release */ = {
			isa = XCBuildConfiguration;
			buildSettings = {
				ALWAYS_SEARCH_USER_PATHS = NO;
				ASSETCATALOG_COMPILER_GENERATE_SWIFT_ASSET_SYMBOL_EXTENSIONS = YES;
				CLANG_ANALYZER_NONNULL = YES;
				CLANG_ANALYZER_NUMBER_OBJECT_CONVERSION = YES_AGGRESSIVE;
				CLANG_CXX_LANGUAGE_STANDARD = "gnu++20";
				CLANG_ENABLE_MODULES = YES;
				CLANG_ENABLE_OBJC_ARC = YES;
				CLANG_ENABLE_OBJC_WEAK = YES;
				CLANG_WARN_BLOCK_CAPTURE_AUTORELEASING = YES;
				CLANG_WARN_BOOL_CONVERSION = YES;
				CLANG_WARN_COMMA = YES;
				CLANG_WARN_CONSTANT_CONVERSION = YES;
				CLANG_WARN_DEPRECATED_OBJC_IMPLEMENTATIONS = YES;
				CLANG_WARN_DIRECT_OBJC_ISA_USAGE = YES_ERROR;
				CLANG_WARN_DOCUMENTATION_COMMENTS = YES;
				CLANG_WARN_EMPTY_BODY = YES;
				CLANG_WARN_ENUM_CONVERSION = YES;
				CLANG_WARN_INFINITE_RECURSION = YES;
				CLANG_WARN_INT_CONVERSION = YES;
				CLANG_WARN_NON_LITERAL_NULL_CONVERSION = YES;
				CLANG_WARN_OBJC_IMPLICIT_RETAIN_SELF = YES;
				CLANG_WARN_OBJC_LITERAL_CONVERSION = YES;
				CLANG_WARN_OBJC_ROOT_CLASS = YES_ERROR;
				CLANG_WARN_QUOTED_INCLUDE_IN_FRAMEWORK_HEADER = YES;
				CLANG_WARN_RANGE_LOOP_ANALYSIS = YES;
				CLANG_WARN_STRICT_PROTOTYPES = YES;
				CLANG_WARN_SUSPICIOUS_MOVE = YES;
				CLANG_WARN_UNGUARDED_AVAILABILITY = YES_AGGRESSIVE;
				CLANG_WARN_UNREACHABLE_CODE = YES;
				CLANG_WARN__DUPLICATE_METHOD_MATCH = YES;
				COPY_PHASE_STRIP = NO;
				DEBUG_INFORMATION_FORMAT = "dwarf-with-dsym";
				ENABLE_NS_ASSERTIONS = NO;
				ENABLE_STRICT_OBJC_MSGSEND = YES;
				ENABLE_USER_SCRIPT_SANDBOXING = YES;
				GCC_C_LANGUAGE_STANDARD = gnu17;
				GCC_NO_COMMON_BLOCKS = YES;
				GCC_WARN_64_TO_32_BIT_CONVERSION = YES;
				GCC_WARN_ABOUT_RETURN_TYPE = YES_ERROR;
				GCC_WARN_UNDECLARED_SELECTOR = YES;
				GCC_WARN_UNINITIALIZED_AUTOS = YES_AGGRESSIVE;
				GCC_WARN_UNUSED_FUNCTION = YES;
				GCC_WARN_UNUSED_VARIABLE = YES;
				IPHONEOS_DEPLOYMENT_TARGET = 17.4;
				LOCALIZATION_PREFERS_STRING_CATALOGS = YES;
				MTL_ENABLE_DEBUG_INFO = NO;
				MTL_FAST_MATH = YES;
				SDKROOT = iphoneos;
				SWIFT_COMPILATION_MODE = wholemodule;
				VALIDATE_PRODUCT = YES;
			};
			name = Release;
		};
		04E9DA942BD9D90000CDEBDB /* Debug */ = {
			isa = XCBuildConfiguration;
			buildSettings = {
				ASSETCATALOG_COMPILER_APPICON_NAME = AppIcon;
				ASSETCATALOG_COMPILER_GLOBAL_ACCENT_COLOR_NAME = AccentColor;
				CODE_SIGN_STYLE = Automatic;
				CURRENT_PROJECT_VERSION = 1;
				DEVELOPMENT_ASSET_PATHS = "\"LazyGrid/Preview Content\"";
				ENABLE_PREVIEWS = YES;
				GENERATE_INFOPLIST_FILE = YES;
				INFOPLIST_KEY_UIApplicationSceneManifest_Generation = YES;
				INFOPLIST_KEY_UIApplicationSupportsIndirectInputEvents = YES;
				INFOPLIST_KEY_UILaunchScreen_Generation = YES;
				INFOPLIST_KEY_UISupportedInterfaceOrientations_iPad = "UIInterfaceOrientationPortrait UIInterfaceOrientationPortraitUpsideDown UIInterfaceOrientationLandscapeLeft UIInterfaceOrientationLandscapeRight";
				INFOPLIST_KEY_UISupportedInterfaceOrientations_iPhone = "UIInterfaceOrientationPortrait UIInterfaceOrientationLandscapeLeft UIInterfaceOrientationLandscapeRight";
				LD_RUNPATH_SEARCH_PATHS = (
					"$(inherited)",
					"@executable_path/Frameworks",
				);
				MARKETING_VERSION = 1.0;
				PRODUCT_BUNDLE_IDENTIFIER = com.SeongKook.LazyGrid;
				PRODUCT_NAME = "$(TARGET_NAME)";
				SWIFT_EMIT_LOC_STRINGS = YES;
				SWIFT_VERSION = 5.0;
				TARGETED_DEVICE_FAMILY = "1,2";
			};
			name = Debug;
		};
		04E9DA952BD9D90000CDEBDB /* Release */ = {
			isa = XCBuildConfiguration;
			buildSettings = {
				ASSETCATALOG_COMPILER_APPICON_NAME = AppIcon;
				ASSETCATALOG_COMPILER_GLOBAL_ACCENT_COLOR_NAME = AccentColor;
				CODE_SIGN_STYLE = Automatic;
				CURRENT_PROJECT_VERSION = 1;
				DEVELOPMENT_ASSET_PATHS = "\"LazyGrid/Preview Content\"";
				ENABLE_PREVIEWS = YES;
				GENERATE_INFOPLIST_FILE = YES;
				INFOPLIST_KEY_UIApplicationSceneManifest_Generation = YES;
				INFOPLIST_KEY_UIApplicationSupportsIndirectInputEvents = YES;
				INFOPLIST_KEY_UILaunchScreen_Generation = YES;
				INFOPLIST_KEY_UISupportedInterfaceOrientations_iPad = "UIInterfaceOrientationPortrait UIInterfaceOrientationPortraitUpsideDown UIInterfaceOrientationLandscapeLeft UIInterfaceOrientationLandscapeRight";
				INFOPLIST_KEY_UISupportedInterfaceOrientations_iPhone = "UIInterfaceOrientationPortrait UIInterfaceOrientationLandscapeLeft UIInterfaceOrientationLandscapeRight";
				LD_RUNPATH_SEARCH_PATHS = (
					"$(inherited)",
					"@executable_path/Frameworks",
				);
				MARKETING_VERSION = 1.0;
				PRODUCT_BUNDLE_IDENTIFIER = com.SeongKook.LazyGrid;
				PRODUCT_NAME = "$(TARGET_NAME)";
				SWIFT_EMIT_LOC_STRINGS = YES;
				SWIFT_VERSION = 5.0;
				TARGETED_DEVICE_FAMILY = "1,2";
			};
			name = Release;
		};
		04E9DA972BD9D90000CDEBDB /* Debug */ = {
			isa = XCBuildConfiguration;
			buildSettings = {
				ALWAYS_EMBED_SWIFT_STANDARD_LIBRARIES = YES;
				BUNDLE_LOADER = "$(TEST_HOST)";
				CODE_SIGN_STYLE = Automatic;
				CURRENT_PROJECT_VERSION = 1;
				GENERATE_INFOPLIST_FILE = YES;
				IPHONEOS_DEPLOYMENT_TARGET = 17.4;
				MARKETING_VERSION = 1.0;
				PRODUCT_BUNDLE_IDENTIFIER = com.SeongKook.LazyGridTests;
				PRODUCT_NAME = "$(TARGET_NAME)";
				SWIFT_EMIT_LOC_STRINGS = NO;
				SWIFT_VERSION = 5.0;
				TARGETED_DEVICE_FAMILY = "1,2";
				TEST_HOST = "$(BUILT_PRODUCTS_DIR)/LazyGrid.app/$(BUNDLE_EXECUTABLE_FOLDER_PATH)/LazyGrid";
			};
			name = Debug;
		};
		04E9DA982BD9D90000CDEBDB /* Release */ = {
			isa = XCBuildConfiguration;
			buildSettings = {
				ALWAYS_EMBED_SWIFT_STANDARD_LIBRARIES = YES;
				BUNDLE_LOADER = "$(TEST_HOST)";
				CODE_SIGN_STYLE = Automatic;
				CURRENT_PROJECT_VERSION = 1;
				GENERATE_INFOPLIST_FILE = YES;
				IPHONEOS_DEPLOYMENT_TARGET = 17.4;
				MARKETING_VERSION = 1.0;
				PRODUCT_BUNDLE_IDENTIFIER = com.SeongKook.LazyGridTests;
				PRODUCT_NAME = "$(TARGET_NAME)";
				SWIFT_EMIT_LOC_STRINGS = NO;
				SWIFT_VERSION = 5.0;
				TARGETED_DEVICE_FAMILY = "1,2";
				TEST_HOST = "$(BUILT_PRODUCTS_DIR)/LazyGrid.app/$(BUNDLE_EXECUTABLE_FOLDER_PATH)/LazyGrid";
			};
			name = Release;
		};
		04E9DA9A2BD9D90000CDEBDB /* Debug */ = {
			isa = XCBuildConfiguration;
			buildSettings = {
				ALWAYS_EMBED_SWIFT_STANDARD_LIBRARIES = YES;
				CODE_SIGN_STYLE = Automatic;
				CURRENT_PROJECT_VERSION = 1;
				GENERATE_INFOPLIST_FILE = YES;
				MARKETING_VERSION = 1.0;
				PRODUCT_BUNDLE_IDENTIFIER = com.SeongKook.LazyGridUITests;
				PRODUCT_NAME = "$(TARGET_NAME)";
				SWIFT_EMIT_LOC_STRINGS = NO;
				SWIFT_VERSION = 5.0;
				TARGETED_DEVICE_FAMILY = "1,2";
				TEST_TARGET_NAME = LazyGrid;
			};
			name = Debug;
		};
		04E9DA9B2BD9D90000CDEBDB /* Release */ = {
			isa = XCBuildConfiguration;
			buildSettings = {
				ALWAYS_EMBED_SWIFT_STANDARD_LIBRARIES = YES;
				CODE_SIGN_STYLE = Automatic;
				CURRENT_PROJECT_VERSION = 1;
				GENERATE_INFOPLIST_FILE = YES;
				MARKETING_VERSION = 1.0;
				PRODUCT_BUNDLE_IDENTIFIER = com.SeongKook.LazyGridUITests;
				PRODUCT_NAME = "$(TARGET_NAME)";
				SWIFT_EMIT_LOC_STRINGS = NO;
				SWIFT_VERSION = 5.0;
				TARGETED_DEVICE_FAMILY = "1,2";
				TEST_TARGET_NAME = LazyGrid;
			};
			name = Release;
		};
/* End XCBuildConfiguration section */

/* Begin XCConfigurationList section */
		04E9DA6A2BD9D8FE00CDEBDB /* Build configuration list for PBXProject "LazyGrid" */ = {
			isa = XCConfigurationList;
			buildConfigurations = (
				04E9DA912BD9D90000CDEBDB /* Debug */,
				04E9DA922BD9D90000CDEBDB /* Release */,
			);
			defaultConfigurationIsVisible = 0;
			defaultConfigurationName = Release;
		};
		04E9DA932BD9D90000CDEBDB /* Build configuration list for PBXNativeTarget "LazyGrid" */ = {
			isa = XCConfigurationList;
			buildConfigurations = (
				04E9DA942BD9D90000CDEBDB /* Debug */,
				04E9DA952BD9D90000CDEBDB /* Release */,
			);
			defaultConfigurationIsVisible = 0;
			defaultConfigurationName = Release;
		};
		04E9DA962BD9D90000CDEBDB /* Build configuration list for PBXNativeTarget "LazyGridTests" */ = {
			isa = XCConfigurationList;
			buildConfigurations = (
				04E9DA972BD9D90000CDEBDB /* Debug */,
				04E9DA982BD9D90000CDEBDB /* Release */,
			);
			defaultConfigurationIsVisible = 0;
			defaultConfigurationName = Release;
		};
		04E9DA992BD9D90000CDEBDB /* Build configuration list for PBXNativeTarget "LazyGridUITests" */ = {
			isa = XCConfigurationList;
			buildConfigurations = (
				04E9DA9A2BD9D90000CDEBDB /* Debug */,
				04E9DA9B2BD9D90000CDEBDB /* Release */,
			);
			defaultConfigurationIsVisible = 0;
			defaultConfigurationName = Release;
		};
/* End XCConfigurationList section */
	};
	rootObject = 04E9DA672BD9D8FE00CDEBDB /* Project object */;
}
